
Microsoft Visual Studio Solution File, Format Version 12.00
# Visual Studio Version 16
VisualStudioVersion = 16.0.31702.278
MinimumVisualStudioVersion = 10.0.40219.1
Project("{FAE04EC0-301F-11D3-BF4B-00C04F79EFBC}") = "Örnek7", "Örnek7\Örnek7.csproj", "{84AAF724-35F0-4646-AFF9-5A399B000D37}"
EndProject
Global
	GlobalSection(SolutionConfigurationPlatforms) = preSolution
		Debug|Any CPU = Debug|Any CPU
		Release|Any CPU = Release|Any CPU
	EndGlobalSection
	GlobalSection(ProjectConfigurationPlatforms) = postSolution
		{84AAF724-35F0-4646-AFF9-5A399B000D37}.Debug|Any CPU.ActiveCfg = Debug|Any CPU
		{84AAF724-35F0-4646-AFF9-5A399B000D37}.Debug|Any CPU.Build.0 = Debug|Any CPU
		{84AAF724-35F0-4646-AFF9-5A399B000D37}.Release|Any CPU.ActiveCfg = Release|Any CPU
		{84AAF724-35F0-4646-AFF9-5A399B000D37}.Release|Any CPU.Build.0 = Release|Any CPU
	EndGlobalSection
	GlobalSection(SolutionProperties) = preSolution
		HideSolutionNode = FALSE
	EndGlobalSection
	GlobalSection(ExtensibilityGlobals) = postSolution
		SolutionGuid = {38B5A804-167F-4B0E-9EEE-F951D20BC688}
	EndGlobalSection
EndGlobal
